// !$*UTF8*$!
{
	archiveVersion = 1;
	classes = {
	};
	objectVersion = 50;
	objects = {

/* Begin PBXBuildFile section */
		19AF13A8238C002B00FE70A9 /* AppDelegate.swift in Sources */ = {isa = PBXBuildFile; fileRef = 19AF13A7238C002B00FE70A9 /* AppDelegate.swift */; };
		19AF13AA238C002B00FE70A9 /* SceneDelegate.swift in Sources */ = {isa = PBXBuildFile; fileRef = 19AF13A9238C002B00FE70A9 /* SceneDelegate.swift */; };
		19AF13AD238C002B00FE70A9 /* RealmPlayground.xcdatamodeld in Sources */ = {isa = PBXBuildFile; fileRef = 19AF13AB238C002B00FE70A9 /* RealmPlayground.xcdatamodeld */; };
		19AF13AF238C002B00FE70A9 /* ContentView.swift in Sources */ = {isa = PBXBuildFile; fileRef = 19AF13AE238C002B00FE70A9 /* ContentView.swift */; };
		19AF13B1238C003000FE70A9 /* Assets.xcassets in Resources */ = {isa = PBXBuildFile; fileRef = 19AF13B0238C003000FE70A9 /* Assets.xcassets */; };
		19AF13B4238C003000FE70A9 /* Preview Assets.xcassets in Resources */ = {isa = PBXBuildFile; fileRef = 19AF13B3238C003000FE70A9 /* Preview Assets.xcassets */; };
		19AF13B7238C003000FE70A9 /* LaunchScreen.storyboard in Resources */ = {isa = PBXBuildFile; fileRef = 19AF13B5238C003000FE70A9 /* LaunchScreen.storyboard */; };
		68C753519082702CC59208F3 /* Pods_RealmPlayground.framework in Frameworks */ = {isa = PBXBuildFile; fileRef = 9309089408E9CCEED0887EE0 /* Pods_RealmPlayground.framework */; };
/* End PBXBuildFile section */

/* Begin PBXFileReference section */
		19AF13A4238C002B00FE70A9 /* RealmPlayground.app */ = {isa = PBXFileReference; explicitFileType = wrapper.application; includeInIndex = 0; path = RealmPlayground.app; sourceTree = BUILT_PRODUCTS_DIR; };
		19AF13A7238C002B00FE70A9 /* AppDelegate.swift */ = {isa = PBXFileReference; lastKnownFileType = sourcecode.swift; path = AppDelegate.swift; sourceTree = "<group>"; };
		19AF13A9238C002B00FE70A9 /* SceneDelegate.swift */ = {isa = PBXFileReference; lastKnownFileType = sourcecode.swift; path = SceneDelegate.swift; sourceTree = "<group>"; };
		19AF13AC238C002B00FE70A9 /* RealmPlayground.xcdatamodel */ = {isa = PBXFileReference; lastKnownFileType = wrapper.xcdatamodel; path = RealmPlayground.xcdatamodel; sourceTree = "<group>"; };
		19AF13AE238C002B00FE70A9 /* ContentView.swift */ = {isa = PBXFileReference; lastKnownFileType = sourcecode.swift; path = ContentView.swift; sourceTree = "<group>"; };
		19AF13B0238C003000FE70A9 /* Assets.xcassets */ = {isa = PBXFileReference; lastKnownFileType = folder.assetcatalog; path = Assets.xcassets; sourceTree = "<group>"; };
		19AF13B3238C003000FE70A9 /* Preview Assets.xcassets */ = {isa = PBXFileReference; lastKnownFileType = folder.assetcatalog; path = "Preview Assets.xcassets"; sourceTree = "<group>"; };
		19AF13B6238C003000FE70A9 /* Base */ = {isa = PBXFileReference; lastKnownFileType = file.storyboard; name = Base; path = Base.lproj/LaunchScreen.storyboard; sourceTree = "<group>"; };
		19AF13B8238C003000FE70A9 /* Info.plist */ = {isa = PBXFileReference; lastKnownFileType = text.plist.xml; path = Info.plist; sourceTree = "<group>"; };
		9309089408E9CCEED0887EE0 /* Pods_RealmPlayground.framework */ = {isa = PBXFileReference; explicitFileType = wrapper.framework; includeInIndex = 0; path = Pods_RealmPlayground.framework; sourceTree = BUILT_PRODUCTS_DIR; };
		9767095FD970B51712A626D9 /* Pods-RealmPlayground.release.xcconfig */ = {isa = PBXFileReference; includeInIndex = 1; lastKnownFileType = text.xcconfig; name = "Pods-RealmPlayground.release.xcconfig"; path = "Target Support Files/Pods-RealmPlayground/Pods-RealmPlayground.release.xcconfig"; sourceTree = "<group>"; };
		AD891919892A475141E427A2 /* Pods-RealmPlayground.debug.xcconfig */ = {isa = PBXFileReference; includeInIndex = 1; lastKnownFileType = text.xcconfig; name = "Pods-RealmPlayground.debug.xcconfig"; path = "Target Support Files/Pods-RealmPlayground/Pods-RealmPlayground.debug.xcconfig"; sourceTree = "<group>"; };
/* End PBXFileReference section */

/* Begin PBXFrameworksBuildPhase section */
		19AF13A1238C002B00FE70A9 /* Frameworks */ = {
			isa = PBXFrameworksBuildPhase;
			buildActionMask = 2147483647;
			files = (
				68C753519082702CC59208F3 /* Pods_RealmPlayground.framework in Frameworks */,
			);
			runOnlyForDeploymentPostprocessing = 0;
		};
/* End PBXFrameworksBuildPhase section */

/* Begin PBXGroup section */
		19AF139B238C002B00FE70A9 = {
			isa = PBXGroup;
			children = (
				19AF13A6238C002B00FE70A9 /* RealmPlayground */,
				19AF13A5238C002B00FE70A9 /* Products */,
				8AFBC9A49C2B116E551328E2 /* Pods */,
				77FDC5B6257440C670D27E04 /* Frameworks */,
			);
			sourceTree = "<group>";
		};
		19AF13A5238C002B00FE70A9 /* Products */ = {
			isa = PBXGroup;
			children = (
				19AF13A4238C002B00FE70A9 /* RealmPlayground.app */,
			);
			name = Products;
			sourceTree = "<group>";
		};
		19AF13A6238C002B00FE70A9 /* RealmPlayground */ = {
			isa = PBXGroup;
			children = (
				19AF13A7238C002B00FE70A9 /* AppDelegate.swift */,
				19AF13A9238C002B00FE70A9 /* SceneDelegate.swift */,
				19AF13AE238C002B00FE70A9 /* ContentView.swift */,
				19AF13B0238C003000FE70A9 /* Assets.xcassets */,
				19AF13B5238C003000FE70A9 /* LaunchScreen.storyboard */,
				19AF13B8238C003000FE70A9 /* Info.plist */,
				19AF13AB238C002B00FE70A9 /* RealmPlayground.xcdatamodeld */,
				19AF13B2238C003000FE70A9 /* Preview Content */,
			);
			path = RealmPlayground;
			sourceTree = "<group>";
		};
		19AF13B2238C003000FE70A9 /* Preview Content */ = {
			isa = PBXGroup;
			children = (
				19AF13B3238C003000FE70A9 /* Preview Assets.xcassets */,
			);
			path = "Preview Content";
			sourceTree = "<group>";
		};
		77FDC5B6257440C670D27E04 /* Frameworks */ = {
			isa = PBXGroup;
			children = (
				9309089408E9CCEED0887EE0 /* Pods_RealmPlayground.framework */,
			);
			name = Frameworks;
			sourceTree = "<group>";
		};
		8AFBC9A49C2B116E551328E2 /* Pods */ = {
			isa = PBXGroup;
			children = (
				AD891919892A475141E427A2 /* Pods-RealmPlayground.debug.xcconfig */,
				9767095FD970B51712A626D9 /* Pods-RealmPlayground.release.xcconfig */,
			);
			name = Pods;
			path = Pods;
			sourceTree = "<group>";
		};
/* End PBXGroup section */

/* Begin PBXNativeTarget section */
		19AF13A3238C002B00FE70A9 /* RealmPlayground */ = {
			isa = PBXNativeTarget;
			buildConfigurationList = 19AF13BB238C003000FE70A9 /* Build configuration list for PBXNativeTarget "RealmPlayground" */;
			buildPhases = (
				3250ACD50910F5987B5B0520 /* [CP] Check Pods Manifest.lock */,
				19AF13A0238C002B00FE70A9 /* Sources */,
				19AF13A1238C002B00FE70A9 /* Frameworks */,
				19AF13A2238C002B00FE70A9 /* Resources */,
				A960B66B58C709E7B8D4531E /* [CP] Embed Pods Frameworks */,
			);
			buildRules = (
			);
			dependencies = (
			);
			name = RealmPlayground;
			productName = RealmPlayground;
			productReference = 19AF13A4238C002B00FE70A9 /* RealmPlayground.app */;
			productType = "com.apple.product-type.application";
		};
/* End PBXNativeTarget section */

/* Begin PBXProject section */
		19AF139C238C002B00FE70A9 /* Project object */ = {
			isa = PBXProject;
			attributes = {
				LastSwiftUpdateCheck = 1120;
				LastUpgradeCheck = 1120;
				ORGANIZATIONNAME = "福田走";
				TargetAttributes = {
					19AF13A3238C002B00FE70A9 = {
						CreatedOnToolsVersion = 11.2.1;
					};
				};
			};
			buildConfigurationList = 19AF139F238C002B00FE70A9 /* Build configuration list for PBXProject "RealmPlayground" */;
			compatibilityVersion = "Xcode 9.3";
			developmentRegion = en;
			hasScannedForEncodings = 0;
			knownRegions = (
				en,
				Base,
			);
			mainGroup = 19AF139B238C002B00FE70A9;
			productRefGroup = 19AF13A5238C002B00FE70A9 /* Products */;
			projectDirPath = "";
			projectRoot = "";
			targets = (
				19AF13A3238C002B00FE70A9 /* RealmPlayground */,
			);
		};
/* End PBXProject section */

/* Begin PBXResourcesBuildPhase section */
		19AF13A2238C002B00FE70A9 /* Resources */ = {
			isa = PBXResourcesBuildPhase;
			buildActionMask = 2147483647;
			files = (
				19AF13B7238C003000FE70A9 /* LaunchScreen.storyboard in Resources */,
				19AF13B4238C003000FE70A9 /* Preview Assets.xcassets in Resources */,
				19AF13B1238C003000FE70A9 /* Assets.xcassets in Resources */,
			);
			runOnlyForDeploymentPostprocessing = 0;
		};
/* End PBXResourcesBuildPhase section */

/* Begin PBXShellScriptBuildPhase section */
		3250ACD50910F5987B5B0520 /* [CP] Check Pods Manifest.lock */ = {
			isa = PBXShellScriptBuildPhase;
			buildActionMask = 2147483647;
			files = (
			);
			inputFileListPaths = (
			);
			inputPaths = (
				"${PODS_PODFILE_DIR_PATH}/Podfile.lock",
				"${PODS_ROOT}/Manifest.lock",
			);
			name = "[CP] Check Pods Manifest.lock";
			outputFileListPaths = (
			);
			outputPaths = (
				"$(DERIVED_FILE_DIR)/Pods-RealmPlayground-checkManifestLockResult.txt",
			);
			runOnlyForDeploymentPostprocessing = 0;
			shellPath = /bin/sh;
			shellScript = "diff \"${PODS_PODFILE_DIR_PATH}/Podfile.lock\" \"${PODS_ROOT}/Manifest.lock\" > /dev/null\nif [ $? != 0 ] ; then\n    # print error to STDERR\n    echo \"error: The sandbox is not in sync with the Podfile.lock. Run 'pod install' or update your CocoaPods installation.\" >&2\n    exit 1\nfi\n# This output is used by Xcode 'outputs' to avoid re-running this script phase.\necho \"SUCCESS\" > \"${SCRIPT_OUTPUT_FILE_0}\"\n";
			showEnvVarsInLog = 0;
		};
		A960B66B58C709E7B8D4531E /* [CP] Embed Pods Frameworks */ = {
			isa = PBXShellScriptBuildPhase;
			buildActionMask = 2147483647;
			files = (
			);
			inputFileListPaths = (
				"${PODS_ROOT}/Target Support Files/Pods-RealmPlayground/Pods-RealmPlayground-frameworks-${CONFIGURATION}-input-files.xcfilelist",
			);
			name = "[CP] Embed Pods Frameworks";
			outputFileListPaths = (
				"${PODS_ROOT}/Target Support Files/Pods-RealmPlayground/Pods-RealmPlayground-frameworks-${CONFIGURATION}-output-files.xcfilelist",
			);
			runOnlyForDeploymentPostprocessing = 0;
			shellPath = /bin/sh;
			shellScript = "\"${PODS_ROOT}/Target Support Files/Pods-RealmPlayground/Pods-RealmPlayground-frameworks.sh\"\n";
			showEnvVarsInLog = 0;
		};
/* End PBXShellScriptBuildPhase section */

/* Begin PBXSourcesBuildPhase section */
		19AF13A0238C002B00FE70A9 /* Sources */ = {
			isa = PBXSourcesBuildPhase;
			buildActionMask = 2147483647;
			files = (
				19AF13AD238C002B00FE70A9 /* RealmPlayground.xcdatamodeld in Sources */,
				19AF13A8238C002B00FE70A9 /* AppDelegate.swift in Sources */,
				19AF13AF238C002B00FE70A9 /* ContentView.swift in Sources */,
				19AF13AA238C002B00FE70A9 /* SceneDelegate.swift in Sources */,
			);
			runOnlyForDeploymentPostprocessing = 0;
		};
/* End PBXSourcesBuildPhase section */

/* Begin PBXVariantGroup section */
		19AF13B5238C003000FE70A9 /* LaunchScreen.storyboard */ = {
			isa = PBXVariantGroup;
			children = (
				19AF13B6238C003000FE70A9 /* Base */,
			);
			name = LaunchScreen.storyboard;
			sourceTree = "<group>";
		};
/* End PBXVariantGroup section */

/* Begin XCBuildConfiguration section */
		19AF13B9238C003000FE70A9 /* Debug */ = {
			isa = XCBuildConfiguration;
			buildSettings = {
				ALWAYS_SEARCH_USER_PATHS = NO;
				CLANG_ANALYZER_NONNULL = YES;
				CLANG_ANALYZER_NUMBER_OBJECT_CONVERSION = YES_AGGRESSIVE;
				CLANG_CXX_LANGUAGE_STANDARD = "gnu++14";
				CLANG_CXX_LIBRARY = "libc++";
				CLANG_ENABLE_MODULES = YES;
				CLANG_ENABLE_OBJC_ARC = YES;
				CLANG_ENABLE_OBJC_WEAK = YES;
				CLANG_WARN_BLOCK_CAPTURE_AUTORELEASING = YES;
				CLANG_WARN_BOOL_CONVERSION = YES;
				CLANG_WARN_COMMA = YES;
				CLANG_WARN_CONSTANT_CONVERSION = YES;
				CLANG_WARN_DEPRECATED_OBJC_IMPLEMENTATIONS = YES;
				CLANG_WARN_DIRECT_OBJC_ISA_USAGE = YES_ERROR;
				CLANG_WARN_DOCUMENTATION_COMMENTS = YES;
				CLANG_WARN_EMPTY_BODY = YES;
				CLANG_WARN_ENUM_CONVERSION = YES;
				CLANG_WARN_INFINITE_RECURSION = YES;
				CLANG_WARN_INT_CONVERSION = YES;
				CLANG_WARN_NON_LITERAL_NULL_CONVERSION = YES;
				CLANG_WARN_OBJC_IMPLICIT_RETAIN_SELF = YES;
				CLANG_WARN_OBJC_LITERAL_CONVERSION = YES;
				CLANG_WARN_OBJC_ROOT_CLASS = YES_ERROR;
				CLANG_WARN_RANGE_LOOP_ANALYSIS = YES;
				CLANG_WARN_STRICT_PROTOTYPES = YES;
				CLANG_WARN_SUSPICIOUS_MOVE = YES;
				CLANG_WARN_UNGUARDED_AVAILABILITY = YES_AGGRESSIVE;
				CLANG_WARN_UNREACHABLE_CODE = YES;
				CLANG_WARN__DUPLICATE_METHOD_MATCH = YES;
				COPY_PHASE_STRIP = NO;
				DEBUG_INFORMATION_FORMAT = dwarf;
				ENABLE_STRICT_OBJC_MSGSEND = YES;
				ENABLE_TESTABILITY = YES;
				GCC_C_LANGUAGE_STANDARD = gnu11;
				GCC_DYNAMIC_NO_PIC = NO;
				GCC_NO_COMMON_BLOCKS = YES;
				GCC_OPTIMIZATION_LEVEL = 0;
				GCC_PREPROCESSOR_DEFINITIONS = (
					"DEBUG=1",
					"$(inherited)",
				);
				GCC_WARN_64_TO_32_BIT_CONVERSION = YES;
				GCC_WARN_ABOUT_RETURN_TYPE = YES_ERROR;
				GCC_WARN_UNDECLARED_SELECTOR = YES;
				GCC_WARN_UNINITIALIZED_AUTOS = YES_AGGRESSIVE;
				GCC_WARN_UNUSED_FUNCTION = YES;
				GCC_WARN_UNUSED_VARIABLE = YES;
				IPHONEOS_DEPLOYMENT_TARGET = 13.2;
				MTL_ENABLE_DEBUG_INFO = INCLUDE_SOURCE;
				MTL_FAST_MATH = YES;
				ONLY_ACTIVE_ARCH = YES;
				SDKROOT = iphoneos;
				SWIFT_ACTIVE_COMPILATION_CONDITIONS = DEBUG;
				SWIFT_OPTIMIZATION_LEVEL = "-Onone";
			};
			name = Debug;
		};
		19AF13BA238C003000FE70A9 /* Release */ = {
			isa = XCBuildConfiguration;
			buildSettings = {
				ALWAYS_SEARCH_USER_PATHS = NO;
				CLANG_ANALYZER_NONNULL = YES;
				CLANG_ANALYZER_NUMBER_OBJECT_CONVERSION = YES_AGGRESSIVE;
				CLANG_CXX_LANGUAGE_STANDARD = "gnu++14";
				CLANG_CXX_LIBRARY = "libc++";
				CLANG_ENABLE_MODULES = YES;
				CLANG_ENABLE_OBJC_ARC = YES;
				CLANG_ENABLE_OBJC_WEAK = YES;
				CLANG_WARN_BLOCK_CAPTURE_AUTORELEASING = YES;
				CLANG_WARN_BOOL_CONVERSION = YES;
				CLANG_WARN_COMMA = YES;
				CLANG_WARN_CONSTANT_CONVERSION = YES;
				CLANG_WARN_DEPRECATED_OBJC_IMPLEMENTATIONS = YES;
				CLANG_WARN_DIRECT_OBJC_ISA_USAGE = YES_ERROR;
				CLANG_WARN_DOCUMENTATION_COMMENTS = YES;
				CLANG_WARN_EMPTY_BODY = YES;
				CLANG_WARN_ENUM_CONVERSION = YES;
				CLANG_WARN_INFINITE_RECURSION = YES;
				CLANG_WARN_INT_CONVERSION = YES;
				CLANG_WARN_NON_LITERAL_NULL_CONVERSION = YES;
				CLANG_WARN_OBJC_IMPLICIT_RETAIN_SELF = YES;
				CLANG_WARN_OBJC_LITERAL_CONVERSION = YES;
				CLANG_WARN_OBJC_ROOT_CLASS = YES_ERROR;
				CLANG_WARN_RANGE_LOOP_ANALYSIS = YES;
				CLANG_WARN_STRICT_PROTOTYPES = YES;
				CLANG_WARN_SUSPICIOUS_MOVE = YES;
				CLANG_WARN_UNGUARDED_AVAILABILITY = YES_AGGRESSIVE;
				CLANG_WARN_UNREACHABLE_CODE = YES;
				CLANG_WARN__DUPLICATE_METHOD_MATCH = YES;
				COPY_PHASE_STRIP = NO;
				DEBUG_INFORMATION_FORMAT = "dwarf-with-dsym";
				ENABLE_NS_ASSERTIONS = NO;
				ENABLE_STRICT_OBJC_MSGSEND = YES;
				GCC_C_LANGUAGE_STANDARD = gnu11;
				GCC_NO_COMMON_BLOCKS = YES;
				GCC_WARN_64_TO_32_BIT_CONVERSION = YES;
				GCC_WARN_ABOUT_RETURN_TYPE = YES_ERROR;
				GCC_WARN_UNDECLARED_SELECTOR = YES;
				GCC_WARN_UNINITIALIZED_AUTOS = YES_AGGRESSIVE;
				GCC_WARN_UNUSED_FUNCTION = YES;
				GCC_WARN_UNUSED_VARIABLE = YES;
				IPHONEOS_DEPLOYMENT_TARGET = 13.2;
				MTL_ENABLE_DEBUG_INFO = NO;
				MTL_FAST_MATH = YES;
				SDKROOT = iphoneos;
				SWIFT_COMPILATION_MODE = wholemodule;
				SWIFT_OPTIMIZATION_LEVEL = "-O";
				VALIDATE_PRODUCT = YES;
			};
			name = Release;
		};
		19AF13BC238C003000FE70A9 /* Debug */ = {
			isa = XCBuildConfiguration;
			baseConfigurationReference = AD891919892A475141E427A2 /* Pods-RealmPlayground.debug.xcconfig */;
			buildSettings = {
				ASSETCATALOG_COMPILER_APPICON_NAME = AppIcon;
				CODE_SIGN_STYLE = Automatic;
				DEVELOPMENT_ASSET_PATHS = "\"RealmPlayground/Preview Content\"";
				DEVELOPMENT_TEAM = 89944GJ9HX;
				ENABLE_PREVIEWS = YES;
				INFOPLIST_FILE = RealmPlayground/Info.plist;
				LD_RUNPATH_SEARCH_PATHS = (
					"$(inherited)",
					"@executable_path/Frameworks",
				);
				PRODUCT_BUNDLE_IDENTIFIER = kakeru.RealmPlayground;
				PRODUCT_NAME = "$(TARGET_NAME)";
				SWIFT_VERSION = 5.0;
				TARGETED_DEVICE_FAMILY = "1,2";
			};
			name = Debug;
		};
		19AF13BD238C003000FE70A9 /* Release */ = {
			isa = XCBuildConfiguration;
			baseConfigurationReference = 9767095FD970B51712A626D9 /* Pods-RealmPlayground.release.xcconfig */;
			buildSettings = {
				ASSETCATALOG_COMPILER_APPICON_NAME = AppIcon;
				CODE_SIGN_STYLE = Automatic;
				DEVELOPMENT_ASSET_PATHS = "\"RealmPlayground/Preview Content\"";
				DEVELOPMENT_TEAM = 89944GJ9HX;
				ENABLE_PREVIEWS = YES;
				INFOPLIST_FILE = RealmPlayground/Info.plist;
				LD_RUNPATH_SEARCH_PATHS = (
					"$(inherited)",
					"@executable_path/Frameworks",
				);
				PRODUCT_BUNDLE_IDENTIFIER = kakeru.RealmPlayground;
				PRODUCT_NAME = "$(TARGET_NAME)";
				SWIFT_VERSION = 5.0;
				TARGETED_DEVICE_FAMILY = "1,2";
			};
			name = Release;
		};
/* End XCBuildConfiguration section */

/* Begin XCConfigurationList section */
		19AF139F238C002B00FE70A9 /* Build configuration list for PBXProject "RealmPlayground" */ = {
			isa = XCConfigurationList;
			buildConfigurations = (
				19AF13B9238C003000FE70A9 /* Debug */,
				19AF13BA238C003000FE70A9 /* Release */,
			);
			defaultConfigurationIsVisible = 0;
			defaultConfigurationName = Release;
		};
		19AF13BB238C003000FE70A9 /* Build configuration list for PBXNativeTarget "RealmPlayground" */ = {
			isa = XCConfigurationList;
			buildConfigurations = (
				19AF13BC238C003000FE70A9 /* Debug */,
				19AF13BD238C003000FE70A9 /* Release */,
			);
			defaultConfigurationIsVisible = 0;
			defaultConfigurationName = Release;
		};
/* End XCConfigurationList section */

/* Begin XCVersionGroup section */
		19AF13AB238C002B00FE70A9 /* RealmPlayground.xcdatamodeld */ = {
			isa = XCVersionGroup;
			children = (
				19AF13AC238C002B00FE70A9 /* RealmPlayground.xcdatamodel */,
			);
			currentVersion = 19AF13AC238C002B00FE70A9 /* RealmPlayground.xcdatamodel */;
			path = RealmPlayground.xcdatamodeld;
			sourceTree = "<group>";
			versionGroupType = wrapper.xcdatamodel;
		};
/* End XCVersionGroup section */
	};
	rootObject = 19AF139C238C002B00FE70A9 /* Project object */;
}
